{
  "name": "a",
  "version": "1.0.0",
  "lockfileVersion": 1,
  "requires": true,
  "dependencies": {
    "jquery": {
      "version": "3.3.1",
      "resolved": "https://registry.npmjs.org/jquery/-/jquery-3.3.1.tgz",
      "integrity": "sha512-Ubldcmxp5np52/ENotGxlLe6aGMvmF4R8S6tZjsP6Knsaxd/xp3Zrh50cG93lR6nPXyUFwzN3ZSOQI0wRJNdGg=="
    },
    "jquery-form-validator": {
      "version": "2.3.77",
      "resolved": "https://registry.npmjs.org/jquery-form-validator/-/jquery-form-validator-2.3.77.tgz",
      "integrity": "sha512-qO1eDoCcCmpZz2n034MIl5WPcAJgERQvMzX1o9UGccgex0hb6B6KG9JgZGp0MfIzn6l5YUErdNBzb2b7CHuJjw==",
      "requires": {
        "jquery": ">1.8.0"
      }
    },
    "tinymce": {
      "version": "4.9.0",
      "resolved": "https://registry.npmjs.org/tinymce/-/tinymce-4.9.0.tgz",
      "integrity": "sha512-hrPeCLXY/sVCo3i64CTW8P5xbDiEI8Uii/vWpcmQWAMhex6GWWd2U+L8WIMj5tKKGdfcIQAJfpfQthc/92bcKw=="
    }
  }
}
